
Microsoft Visual Studio Solution File, Format Version 12.00
# Visual Studio Version 17
VisualStudioVersion = 17.9.34728.123
MinimumVisualStudioVersion = 10.0.40219.1
Project("{9A19103F-16F7-4668-BE54-9A1E7A4F7556}") = "tetris", "tetris\tetris.csproj", "{6543443B-5724-4A21-87A2-437A59C3D400}"
EndProject
Project("{9A19103F-16F7-4668-BE54-9A1E7A4F7556}") = "tetris.Desktop", "tetris.Desktop\tetris.Desktop.csproj", "{ACB59FEC-9F88-4CC2-8898-2E7102CA3550}"
EndProject
Global
	GlobalSection(SolutionConfigurationPlatforms) = preSolution
		Debug|Any CPU = Debug|Any CPU
		Release|Any CPU = Release|Any CPU
	EndGlobalSection
	GlobalSection(ProjectConfigurationPlatforms) = postSolution
		{6543443B-5724-4A21-87A2-437A59C3D400}.Debug|Any CPU.ActiveCfg = Debug|Any CPU
		{6543443B-5724-4A21-87A2-437A59C3D400}.Debug|Any CPU.Build.0 = Debug|Any CPU
		{6543443B-5724-4A21-87A2-437A59C3D400}.Release|Any CPU.ActiveCfg = Release|Any CPU
		{6543443B-5724-4A21-87A2-437A59C3D400}.Release|Any CPU.Build.0 = Release|Any CPU
		{ACB59FEC-9F88-4CC2-8898-2E7102CA3550}.Debug|Any CPU.ActiveCfg = Debug|Any CPU
		{ACB59FEC-9F88-4CC2-8898-2E7102CA3550}.Debug|Any CPU.Build.0 = Debug|Any CPU
		{ACB59FEC-9F88-4CC2-8898-2E7102CA3550}.Release|Any CPU.ActiveCfg = Release|Any CPU
		{ACB59FEC-9F88-4CC2-8898-2E7102CA3550}.Release|Any CPU.Build.0 = Release|Any CPU
	EndGlobalSection
	GlobalSection(SolutionProperties) = preSolution
		HideSolutionNode = FALSE
	EndGlobalSection
	GlobalSection(ExtensibilityGlobals) = postSolution
		SolutionGuid = {0DB3B9C4-78E9-4FCD-8E34-FDD711147269}
	EndGlobalSection
EndGlobal
